// !$*UTF8*$!
{
	archiveVersion = 1;
	classes = {
	};
	objectVersion = 50;
	objects = {

/* Begin PBXBuildFile section */
		F06AF7102235ED8F00103A4A /* AppDelegate.m in Sources */ = {isa = PBXBuildFile; fileRef = F06AF70F2235ED8F00103A4A /* AppDelegate.m */; };
		F06AF7132235ED8F00103A4A /* ViewController.m in Sources */ = {isa = PBXBuildFile; fileRef = F06AF7122235ED8F00103A4A /* ViewController.m */; };
		F06AF7162235ED9000103A4A /* Main.storyboard in Resources */ = {isa = PBXBuildFile; fileRef = F06AF7142235ED9000103A4A /* Main.storyboard */; };
		F06AF7182235EDA300103A4A /* Assets.xcassets in Resources */ = {isa = PBXBuildFile; fileRef = F06AF7172235EDA300103A4A /* Assets.xcassets */; };
		F06AF71B2235EDA300103A4A /* LaunchScreen.storyboard in Resources */ = {isa = PBXBuildFile; fileRef = F06AF7192235EDA300103A4A /* LaunchScreen.storyboard */; };
		F06AF71E2235EDA300103A4A /* main.m in Sources */ = {isa = PBXBuildFile; fileRef = F06AF71D2235EDA300103A4A /* main.m */; };
		F06AF7262235EDE000103A4A /* ESCCameraTool.m in Sources */ = {isa = PBXBuildFile; fileRef = F06AF7242235EDE000103A4A /* ESCCameraTool.m */; };
/* End PBXBuildFile section */

/* Begin PBXFileReference section */
		F06AF70B2235ED8F00103A4A /* ESCCameraDemo.app */ = {isa = PBXFileReference; explicitFileType = wrapper.application; includeInIndex = 0; path = ESCCameraDemo.app; sourceTree = BUILT_PRODUCTS_DIR; };
		F06AF70E2235ED8F00103A4A /* AppDelegate.h */ = {isa = PBXFileReference; lastKnownFileType = sourcecode.c.h; path = AppDelegate.h; sourceTree = "<group>"; };
		F06AF70F2235ED8F00103A4A /* AppDelegate.m */ = {isa = PBXFileReference; lastKnownFileType = sourcecode.c.objc; path = AppDelegate.m; sourceTree = "<group>"; };
		F06AF7112235ED8F00103A4A /* ViewController.h */ = {isa = PBXFileReference; lastKnownFileType = sourcecode.c.h; path = ViewController.h; sourceTree = "<group>"; };
		F06AF7122235ED8F00103A4A /* ViewController.m */ = {isa = PBXFileReference; lastKnownFileType = sourcecode.c.objc; path = ViewController.m; sourceTree = "<group>"; };
		F06AF7152235ED9000103A4A /* Base */ = {isa = PBXFileReference; lastKnownFileType = file.storyboard; name = Base; path = Base.lproj/Main.storyboard; sourceTree = "<group>"; };
		F06AF7172235EDA300103A4A /* Assets.xcassets */ = {isa = PBXFileReference; lastKnownFileType = folder.assetcatalog; path = Assets.xcassets; sourceTree = "<group>"; };
		F06AF71A2235EDA300103A4A /* Base */ = {isa = PBXFileReference; lastKnownFileType = file.storyboard; name = Base; path = Base.lproj/LaunchScreen.storyboard; sourceTree = "<group>"; };
		F06AF71C2235EDA300103A4A /* Info.plist */ = {isa = PBXFileReference; lastKnownFileType = text.plist.xml; path = Info.plist; sourceTree = "<group>"; };
		F06AF71D2235EDA300103A4A /* main.m */ = {isa = PBXFileReference; lastKnownFileType = sourcecode.c.objc; path = main.m; sourceTree = "<group>"; };
		F06AF7242235EDE000103A4A /* ESCCameraTool.m */ = {isa = PBXFileReference; fileEncoding = 4; lastKnownFileType = sourcecode.c.objc; path = ESCCameraTool.m; sourceTree = "<group>"; };
		F06AF7252235EDE000103A4A /* ESCCameraTool.h */ = {isa = PBXFileReference; fileEncoding = 4; lastKnownFileType = sourcecode.c.h; path = ESCCameraTool.h; sourceTree = "<group>"; };
/* End PBXFileReference section */

/* Begin PBXFrameworksBuildPhase section */
		F06AF7082235ED8F00103A4A /* Frameworks */ = {
			isa = PBXFrameworksBuildPhase;
			buildActionMask = 2147483647;
			files = (
			);
			runOnlyForDeploymentPostprocessing = 0;
		};
/* End PBXFrameworksBuildPhase section */

/* Begin PBXGroup section */
		F06AF7022235ED8F00103A4A = {
			isa = PBXGroup;
			children = (
				F06AF70D2235ED8F00103A4A /* ESCCameraDemo */,
				F06AF70C2235ED8F00103A4A /* Products */,
			);
			sourceTree = "<group>";
		};
		F06AF70C2235ED8F00103A4A /* Products */ = {
			isa = PBXGroup;
			children = (
				F06AF70B2235ED8F00103A4A /* ESCCameraDemo.app */,
			);
			name = Products;
			sourceTree = "<group>";
		};
		F06AF70D2235ED8F00103A4A /* ESCCameraDemo */ = {
			isa = PBXGroup;
			children = (
				F06AF70E2235ED8F00103A4A /* AppDelegate.h */,
				F06AF70F2235ED8F00103A4A /* AppDelegate.m */,
				F06AF7112235ED8F00103A4A /* ViewController.h */,
				F06AF7122235ED8F00103A4A /* ViewController.m */,
				F06AF7142235ED9000103A4A /* Main.storyboard */,
				F06AF7252235EDE000103A4A /* ESCCameraTool.h */,
				F06AF7242235EDE000103A4A /* ESCCameraTool.m */,
				F06AF7172235EDA300103A4A /* Assets.xcassets */,
				F06AF7192235EDA300103A4A /* LaunchScreen.storyboard */,
				F06AF71C2235EDA300103A4A /* Info.plist */,
				F06AF71D2235EDA300103A4A /* main.m */,
			);
			path = ESCCameraDemo;
			sourceTree = "<group>";
		};
/* End PBXGroup section */

/* Begin PBXNativeTarget section */
		F06AF70A2235ED8F00103A4A /* ESCCameraDemo */ = {
			isa = PBXNativeTarget;
			buildConfigurationList = F06AF7212235EDA300103A4A /* Build configuration list for PBXNativeTarget "ESCCameraDemo" */;
			buildPhases = (
				F06AF7072235ED8F00103A4A /* Sources */,
				F06AF7082235ED8F00103A4A /* Frameworks */,
				F06AF7092235ED8F00103A4A /* Resources */,
			);
			buildRules = (
			);
			dependencies = (
			);
			name = ESCCameraDemo;
			productName = ESCCameraDemo;
			productReference = F06AF70B2235ED8F00103A4A /* ESCCameraDemo.app */;
			productType = "com.apple.product-type.application";
		};
/* End PBXNativeTarget section */

/* Begin PBXProject section */
		F06AF7032235ED8F00103A4A /* Project object */ = {
			isa = PBXProject;
			attributes = {
				LastUpgradeCheck = 1010;
				ORGANIZATIONNAME = xiang;
				TargetAttributes = {
					F06AF70A2235ED8F00103A4A = {
						CreatedOnToolsVersion = 10.1;
					};
				};
			};
			buildConfigurationList = F06AF7062235ED8F00103A4A /* Build configuration list for PBXProject "ESCCameraDemo" */;
			compatibilityVersion = "Xcode 9.3";
			developmentRegion = en;
			hasScannedForEncodings = 0;
			knownRegions = (
				en,
				Base,
			);
			mainGroup = F06AF7022235ED8F00103A4A;
			productRefGroup = F06AF70C2235ED8F00103A4A /* Products */;
			projectDirPath = "";
			projectRoot = "";
			targets = (
				F06AF70A2235ED8F00103A4A /* ESCCameraDemo */,
			);
		};
/* End PBXProject section */

/* Begin PBXResourcesBuildPhase section */
		F06AF7092235ED8F00103A4A /* Resources */ = {
			isa = PBXResourcesBuildPhase;
			buildActionMask = 2147483647;
			files = (
				F06AF71B2235EDA300103A4A /* LaunchScreen.storyboard in Resources */,
				F06AF7182235EDA300103A4A /* Assets.xcassets in Resources */,
				F06AF7162235ED9000103A4A /* Main.storyboard in Resources */,
			);
			runOnlyForDeploymentPostprocessing = 0;
		};
/* End PBXResourcesBuildPhase section */

/* Begin PBXSourcesBuildPhase section */
		F06AF7072235ED8F00103A4A /* Sources */ = {
			isa = PBXSourcesBuildPhase;
			buildActionMask = 2147483647;
			files = (
				F06AF7262235EDE000103A4A /* ESCCameraTool.m in Sources */,
				F06AF7132235ED8F00103A4A /* ViewController.m in Sources */,
				F06AF71E2235EDA300103A4A /* main.m in Sources */,
				F06AF7102235ED8F00103A4A /* AppDelegate.m in Sources */,
			);
			runOnlyForDeploymentPostprocessing = 0;
		};
/* End PBXSourcesBuildPhase section */

/* Begin PBXVariantGroup section */
		F06AF7142235ED9000103A4A /* Main.storyboard */ = {
			isa = PBXVariantGroup;
			children = (
				F06AF7152235ED9000103A4A /* Base */,
			);
			name = Main.storyboard;
			sourceTree = "<group>";
		};
		F06AF7192235EDA300103A4A /* LaunchScreen.storyboard */ = {
			isa = PBXVariantGroup;
			children = (
				F06AF71A2235EDA300103A4A /* Base */,
			);
			name = LaunchScreen.storyboard;
			sourceTree = "<group>";
		};
/* End PBXVariantGroup section */

/* Begin XCBuildConfiguration section */
		F06AF71F2235EDA300103A4A /* Debug */ = {
			isa = XCBuildConfiguration;
			buildSettings = {
				ALWAYS_SEARCH_USER_PATHS = NO;
				CLANG_ANALYZER_NONNULL = YES;
				CLANG_ANALYZER_NUMBER_OBJECT_CONVERSION = YES_AGGRESSIVE;
				CLANG_CXX_LANGUAGE_STANDARD = "gnu++14";
				CLANG_CXX_LIBRARY = "libc++";
				CLANG_ENABLE_MODULES = YES;
				CLANG_ENABLE_OBJC_ARC = YES;
				CLANG_ENABLE_OBJC_WEAK = YES;
				CLANG_WARN_BLOCK_CAPTURE_AUTORELEASING = YES;
				CLANG_WARN_BOOL_CONVERSION = YES;
				CLANG_WARN_COMMA = YES;
				CLANG_WARN_CONSTANT_CONVERSION = YES;
				CLANG_WARN_DEPRECATED_OBJC_IMPLEMENTATIONS = YES;
				CLANG_WARN_DIRECT_OBJC_ISA_USAGE = YES_ERROR;
				CLANG_WARN_DOCUMENTATION_COMMENTS = YES;
				CLANG_WARN_EMPTY_BODY = YES;
				CLANG_WARN_ENUM_CONVERSION = YES;
				CLANG_WARN_INFINITE_RECURSION = YES;
				CLANG_WARN_INT_CONVERSION = YES;
				CLANG_WARN_NON_LITERAL_NULL_CONVERSION = YES;
				CLANG_WARN_OBJC_IMPLICIT_RETAIN_SELF = YES;
				CLANG_WARN_OBJC_LITERAL_CONVERSION = YES;
				CLANG_WARN_OBJC_ROOT_CLASS = YES_ERROR;
				CLANG_WARN_RANGE_LOOP_ANALYSIS = YES;
				CLANG_WARN_STRICT_PROTOTYPES = YES;
				CLANG_WARN_SUSPICIOUS_MOVE = YES;
				CLANG_WARN_UNGUARDED_AVAILABILITY = YES_AGGRESSIVE;
				CLANG_WARN_UNREACHABLE_CODE = YES;
				CLANG_WARN__DUPLICATE_METHOD_MATCH = YES;
				CODE_SIGN_IDENTITY = "iPhone Developer";
				COPY_PHASE_STRIP = NO;
				DEBUG_INFORMATION_FORMAT = dwarf;
				ENABLE_STRICT_OBJC_MSGSEND = YES;
				ENABLE_TESTABILITY = YES;
				GCC_C_LANGUAGE_STANDARD = gnu11;
				GCC_DYNAMIC_NO_PIC = NO;
				GCC_NO_COMMON_BLOCKS = YES;
				GCC_OPTIMIZATION_LEVEL = 0;
				GCC_PREPROCESSOR_DEFINITIONS = (
					"DEBUG=1",
					"$(inherited)",
				);
				GCC_WARN_64_TO_32_BIT_CONVERSION = YES;
				GCC_WARN_ABOUT_RETURN_TYPE = YES_ERROR;
				GCC_WARN_UNDECLARED_SELECTOR = YES;
				GCC_WARN_UNINITIALIZED_AUTOS = YES_AGGRESSIVE;
				GCC_WARN_UNUSED_FUNCTION = YES;
				GCC_WARN_UNUSED_VARIABLE = YES;
				IPHONEOS_DEPLOYMENT_TARGET = 12.1;
				MTL_ENABLE_DEBUG_INFO = INCLUDE_SOURCE;
				MTL_FAST_MATH = YES;
				ONLY_ACTIVE_ARCH = YES;
				SDKROOT = iphoneos;
			};
			name = Debug;
		};
		F06AF7202235EDA300103A4A /* Release */ = {
			isa = XCBuildConfiguration;
			buildSettings = {
				ALWAYS_SEARCH_USER_PATHS = NO;
				CLANG_ANALYZER_NONNULL = YES;
				CLANG_ANALYZER_NUMBER_OBJECT_CONVERSION = YES_AGGRESSIVE;
				CLANG_CXX_LANGUAGE_STANDARD = "gnu++14";
				CLANG_CXX_LIBRARY = "libc++";
				CLANG_ENABLE_MODULES = YES;
				CLANG_ENABLE_OBJC_ARC = YES;
				CLANG_ENABLE_OBJC_WEAK = YES;
				CLANG_WARN_BLOCK_CAPTURE_AUTORELEASING = YES;
				CLANG_WARN_BOOL_CONVERSION = YES;
				CLANG_WARN_COMMA = YES;
				CLANG_WARN_CONSTANT_CONVERSION = YES;
				CLANG_WARN_DEPRECATED_OBJC_IMPLEMENTATIONS = YES;
				CLANG_WARN_DIRECT_OBJC_ISA_USAGE = YES_ERROR;
				CLANG_WARN_DOCUMENTATION_COMMENTS = YES;
				CLANG_WARN_EMPTY_BODY = YES;
				CLANG_WARN_ENUM_CONVERSION = YES;
				CLANG_WARN_INFINITE_RECURSION = YES;
				CLANG_WARN_INT_CONVERSION = YES;
				CLANG_WARN_NON_LITERAL_NULL_CONVERSION = YES;
				CLANG_WARN_OBJC_IMPLICIT_RETAIN_SELF = YES;
				CLANG_WARN_OBJC_LITERAL_CONVERSION = YES;
				CLANG_WARN_OBJC_ROOT_CLASS = YES_ERROR;
				CLANG_WARN_RANGE_LOOP_ANALYSIS = YES;
				CLANG_WARN_STRICT_PROTOTYPES = YES;
				CLANG_WARN_SUSPICIOUS_MOVE = YES;
				CLANG_WARN_UNGUARDED_AVAILABILITY = YES_AGGRESSIVE;
				CLANG_WARN_UNREACHABLE_CODE = YES;
				CLANG_WARN__DUPLICATE_METHOD_MATCH = YES;
				CODE_SIGN_IDENTITY = "iPhone Developer";
				COPY_PHASE_STRIP = NO;
				DEBUG_INFORMATION_FORMAT = "dwarf-with-dsym";
				ENABLE_NS_ASSERTIONS = NO;
				ENABLE_STRICT_OBJC_MSGSEND = YES;
				GCC_C_LANGUAGE_STANDARD = gnu11;
				GCC_NO_COMMON_BLOCKS = YES;
				GCC_WARN_64_TO_32_BIT_CONVERSION = YES;
				GCC_WARN_ABOUT_RETURN_TYPE = YES_ERROR;
				GCC_WARN_UNDECLARED_SELECTOR = YES;
				GCC_WARN_UNINITIALIZED_AUTOS = YES_AGGRESSIVE;
				GCC_WARN_UNUSED_FUNCTION = YES;
				GCC_WARN_UNUSED_VARIABLE = YES;
				IPHONEOS_DEPLOYMENT_TARGET = 12.1;
				MTL_ENABLE_DEBUG_INFO = NO;
				MTL_FAST_MATH = YES;
				SDKROOT = iphoneos;
				VALIDATE_PRODUCT = YES;
			};
			name = Release;
		};
		F06AF7222235EDA300103A4A /* Debug */ = {
			isa = XCBuildConfiguration;
			buildSettings = {
				ASSETCATALOG_COMPILER_APPICON_NAME = AppIcon;
				CODE_SIGN_STYLE = Automatic;
				DEVELOPMENT_TEAM = NZ6KCMA9HH;
				INFOPLIST_FILE = ESCCameraDemo/Info.plist;
				IPHONEOS_DEPLOYMENT_TARGET = 10.0;
				LD_RUNPATH_SEARCH_PATHS = (
					"$(inherited)",
					"@executable_path/Frameworks",
				);
				PRODUCT_BUNDLE_IDENTIFIER = com.xiang.ESCCameraDemo;
				PRODUCT_NAME = "$(TARGET_NAME)";
				TARGETED_DEVICE_FAMILY = "1,2";
			};
			name = Debug;
		};
		F06AF7232235EDA300103A4A /* Release */ = {
			isa = XCBuildConfiguration;
			buildSettings = {
				ASSETCATALOG_COMPILER_APPICON_NAME = AppIcon;
				CODE_SIGN_STYLE = Automatic;
				DEVELOPMENT_TEAM = NZ6KCMA9HH;
				INFOPLIST_FILE = ESCCameraDemo/Info.plist;
				IPHONEOS_DEPLOYMENT_TARGET = 10.0;
				LD_RUNPATH_SEARCH_PATHS = (
					"$(inherited)",
					"@executable_path/Frameworks",
				);
				PRODUCT_BUNDLE_IDENTIFIER = com.xiang.ESCCameraDemo;
				PRODUCT_NAME = "$(TARGET_NAME)";
				TARGETED_DEVICE_FAMILY = "1,2";
			};
			name = Release;
		};
/* End XCBuildConfiguration section */

/* Begin XCConfigurationList section */
		F06AF7062235ED8F00103A4A /* Build configuration list for PBXProject "ESCCameraDemo" */ = {
			isa = XCConfigurationList;
			buildConfigurations = (
				F06AF71F2235EDA300103A4A /* Debug */,
				F06AF7202235EDA300103A4A /* Release */,
			);
			defaultConfigurationIsVisible = 0;
			defaultConfigurationName = Release;
		};
		F06AF7212235EDA300103A4A /* Build configuration list for PBXNativeTarget "ESCCameraDemo" */ = {
			isa = XCConfigurationList;
			buildConfigurations = (
				F06AF7222235EDA300103A4A /* Debug */,
				F06AF7232235EDA300103A4A /* Release */,
			);
			defaultConfigurationIsVisible = 0;
			defaultConfigurationName = Release;
		};
/* End XCConfigurationList section */
	};
	rootObject = F06AF7032235ED8F00103A4A /* Project object */;
}
